
Microsoft Visual Studio Solution File, Format Version 12.00
Project("{FAE04EC0-301F-11D3-BF4B-00C04F79EFBC}") = "FlagLib", "FlagLib\FlagLib.csproj", "{C3CAFC58-7491-4B44-90FD-159F3796582A}"
EndProject
Project("{FAE04EC0-301F-11D3-BF4B-00C04F79EFBC}") = "WDLibCore", "..\WDLibCore\WDLibCore.csproj", "{3EABF8D4-8F3E-4783-A9E2-59D4A96E7746}"
EndProject
Project("{FAE04EC0-301F-11D3-BF4B-00C04F79EFBC}") = "FlagRestAPI", "FlagRestAPI\FlagRestAPI.csproj", "{E5C54850-653D-40A8-9147-5556EA3C6E83}"
EndProject
Global
	GlobalSection(SolutionConfigurationPlatforms) = preSolution
		Debug|Any CPU = Debug|Any CPU
		Release|Any CPU = Release|Any CPU
	EndGlobalSection
	GlobalSection(ProjectConfigurationPlatforms) = postSolution
		{C3CAFC58-7491-4B44-90FD-159F3796582A}.Debug|Any CPU.ActiveCfg = Debug|Any CPU
		{C3CAFC58-7491-4B44-90FD-159F3796582A}.Debug|Any CPU.Build.0 = Debug|Any CPU
		{C3CAFC58-7491-4B44-90FD-159F3796582A}.Release|Any CPU.ActiveCfg = Release|Any CPU
		{C3CAFC58-7491-4B44-90FD-159F3796582A}.Release|Any CPU.Build.0 = Release|Any CPU
		{3EABF8D4-8F3E-4783-A9E2-59D4A96E7746}.Debug|Any CPU.ActiveCfg = Debug|Any CPU
		{3EABF8D4-8F3E-4783-A9E2-59D4A96E7746}.Debug|Any CPU.Build.0 = Debug|Any CPU
		{3EABF8D4-8F3E-4783-A9E2-59D4A96E7746}.Release|Any CPU.ActiveCfg = Release|Any CPU
		{3EABF8D4-8F3E-4783-A9E2-59D4A96E7746}.Release|Any CPU.Build.0 = Release|Any CPU
		{E5C54850-653D-40A8-9147-5556EA3C6E83}.Debug|Any CPU.ActiveCfg = Debug|Any CPU
		{E5C54850-653D-40A8-9147-5556EA3C6E83}.Debug|Any CPU.Build.0 = Debug|Any CPU
		{E5C54850-653D-40A8-9147-5556EA3C6E83}.Release|Any CPU.ActiveCfg = Release|Any CPU
		{E5C54850-653D-40A8-9147-5556EA3C6E83}.Release|Any CPU.Build.0 = Release|Any CPU
	EndGlobalSection
	GlobalSection(NestedProjects) = preSolution
	EndGlobalSection
EndGlobal
